
Microsoft Visual Studio Solution File, Format Version 12.00
# Visual Studio Version 17
VisualStudioVersion = 17.3.32901.215
MinimumVisualStudioVersion = 10.0.40219.1
Project("{FAE04EC0-301F-11D3-BF4B-00C04F79EFBC}") = "Lab7", "Lab7.csproj", "{F49D66F8-E99B-431A-B95D-D089EBFEA6AC}"
EndProject
Global
	GlobalSection(SolutionConfigurationPlatforms) = preSolution
		Debug|Any CPU = Debug|Any CPU
		Release|Any CPU = Release|Any CPU
	EndGlobalSection
	GlobalSection(ProjectConfigurationPlatforms) = postSolution
		{F49D66F8-E99B-431A-B95D-D089EBFEA6AC}.Debug|Any CPU.ActiveCfg = Debug|Any CPU
		{F49D66F8-E99B-431A-B95D-D089EBFEA6AC}.Debug|Any CPU.Build.0 = Debug|Any CPU
		{F49D66F8-E99B-431A-B95D-D089EBFEA6AC}.Release|Any CPU.ActiveCfg = Release|Any CPU
		{F49D66F8-E99B-431A-B95D-D089EBFEA6AC}.Release|Any CPU.Build.0 = Release|Any CPU
	EndGlobalSection
	GlobalSection(SolutionProperties) = preSolution
		HideSolutionNode = FALSE
	EndGlobalSection
	GlobalSection(ExtensibilityGlobals) = postSolution
		SolutionGuid = {1F6FB66A-8162-494F-AB8E-65B6EBE0E8F6}
	EndGlobalSection
EndGlobal
